
Microsoft Visual Studio Solution File, Format Version 12.00
# Visual Studio Version 17
VisualStudioVersion = 17.7.34031.279
MinimumVisualStudioVersion = 10.0.40219.1
Project("{FAE04EC0-301F-11D3-BF4B-00C04F79EFBC}") = "WiredBrainCoffe.CustomersAPP", "WiredBrainCoffe.CustomersAPP\WiredBrainCoffe.CustomersAPP.csproj", "{F8261598-7966-48E1-9D4D-EDE070B5E019}"
EndProject
Global
	GlobalSection(SolutionConfigurationPlatforms) = preSolution
		Debug|Any CPU = Debug|Any CPU
		Release|Any CPU = Release|Any CPU
	EndGlobalSection
	GlobalSection(ProjectConfigurationPlatforms) = postSolution
		{F8261598-7966-48E1-9D4D-EDE070B5E019}.Debug|Any CPU.ActiveCfg = Debug|Any CPU
		{F8261598-7966-48E1-9D4D-EDE070B5E019}.Debug|Any CPU.Build.0 = Debug|Any CPU
		{F8261598-7966-48E1-9D4D-EDE070B5E019}.Release|Any CPU.ActiveCfg = Release|Any CPU
		{F8261598-7966-48E1-9D4D-EDE070B5E019}.Release|Any CPU.Build.0 = Release|Any CPU
	EndGlobalSection
	GlobalSection(SolutionProperties) = preSolution
		HideSolutionNode = FALSE
	EndGlobalSection
	GlobalSection(ExtensibilityGlobals) = postSolution
		SolutionGuid = {BF7D8468-F63A-43F4-AB49-868D6F33F91B}
	EndGlobalSection
EndGlobal
